
Microsoft Visual Studio Solution File, Format Version 12.00
# Visual Studio Version 17
VisualStudioVersion = 17.11.35303.130
MinimumVisualStudioVersion = 10.0.40219.1
Project("{9A19103F-16F7-4668-BE54-9A1E7A4F7556}") = "PersonUnitTest", "PersonUnitTest\PersonUnitTest.csproj", "{653D374A-82AC-4621-91D2-69C0C0A4DCBF}"
EndProject
Project("{9A19103F-16F7-4668-BE54-9A1E7A4F7556}") = "Person", "Person\Person.csproj", "{ADE6E140-70B0-4352-A1E3-9AFF5B179838}"
EndProject
Global
	GlobalSection(SolutionConfigurationPlatforms) = preSolution
		Debug|Any CPU = Debug|Any CPU
		Release|Any CPU = Release|Any CPU
	EndGlobalSection
	GlobalSection(ProjectConfigurationPlatforms) = postSolution
		{653D374A-82AC-4621-91D2-69C0C0A4DCBF}.Debug|Any CPU.ActiveCfg = Debug|Any CPU
		{653D374A-82AC-4621-91D2-69C0C0A4DCBF}.Debug|Any CPU.Build.0 = Debug|Any CPU
		{653D374A-82AC-4621-91D2-69C0C0A4DCBF}.Release|Any CPU.ActiveCfg = Release|Any CPU
		{653D374A-82AC-4621-91D2-69C0C0A4DCBF}.Release|Any CPU.Build.0 = Release|Any CPU
		{ADE6E140-70B0-4352-A1E3-9AFF5B179838}.Debug|Any CPU.ActiveCfg = Debug|Any CPU
		{ADE6E140-70B0-4352-A1E3-9AFF5B179838}.Debug|Any CPU.Build.0 = Debug|Any CPU
		{ADE6E140-70B0-4352-A1E3-9AFF5B179838}.Release|Any CPU.ActiveCfg = Release|Any CPU
		{ADE6E140-70B0-4352-A1E3-9AFF5B179838}.Release|Any CPU.Build.0 = Release|Any CPU
	EndGlobalSection
	GlobalSection(SolutionProperties) = preSolution
		HideSolutionNode = FALSE
	EndGlobalSection
	GlobalSection(ExtensibilityGlobals) = postSolution
		SolutionGuid = {389D4EA3-1E0B-46ED-AB70-3AD64A872D5D}
	EndGlobalSection
EndGlobal
